// !$*UTF8*$!
{
	archiveVersion = 1;
	classes = {
	};
	objectVersion = 46;
	objects = {

/* Begin PBXBuildFile section */
		763FCBAC1D667F6F00F10CF1 /* AppDelegate.swift in Sources */ = {isa = PBXBuildFile; fileRef = 763FCBAB1D667F6F00F10CF1 /* AppDelegate.swift */; };
		763FCBAE1D667F6F00F10CF1 /* ViewController.swift in Sources */ = {isa = PBXBuildFile; fileRef = 763FCBAD1D667F6F00F10CF1 /* ViewController.swift */; };
		763FCBB11D667F6F00F10CF1 /* Main.storyboard in Resources */ = {isa = PBXBuildFile; fileRef = 763FCBAF1D667F6F00F10CF1 /* Main.storyboard */; };
		763FCBB31D667F6F00F10CF1 /* Assets.xcassets in Resources */ = {isa = PBXBuildFile; fileRef = 763FCBB21D667F6F00F10CF1 /* Assets.xcassets */; };
		763FCBB61D667F6F00F10CF1 /* LaunchScreen.storyboard in Resources */ = {isa = PBXBuildFile; fileRef = 763FCBB41D667F6F00F10CF1 /* LaunchScreen.storyboard */; };
		763FCBC11D667F6F00F10CF1 /* MyPetMonsterTests.swift in Sources */ = {isa = PBXBuildFile; fileRef = 763FCBC01D667F6F00F10CF1 /* MyPetMonsterTests.swift */; };
		763FCBCC1D667F6F00F10CF1 /* MyPetMonsterUITests.swift in Sources */ = {isa = PBXBuildFile; fileRef = 763FCBCB1D667F6F00F10CF1 /* MyPetMonsterUITests.swift */; };
		76B881641D68D368005D70E6 /* DragImg.swift in Sources */ = {isa = PBXBuildFile; fileRef = 76B881631D68D368005D70E6 /* DragImg.swift */; };
		76B881661D691FF4005D70E6 /* MonsterImg.swift in Sources */ = {isa = PBXBuildFile; fileRef = 76B881651D691FF4005D70E6 /* MonsterImg.swift */; };
		76B881681D6926B7005D70E6 /* skull.wav in Resources */ = {isa = PBXBuildFile; fileRef = 76B881671D6926B7005D70E6 /* skull.wav */; };
		76B8816A1D6926C2005D70E6 /* cave-music.mp3 in Resources */ = {isa = PBXBuildFile; fileRef = 76B881691D6926C2005D70E6 /* cave-music.mp3 */; };
		76B8816C1D6926CD005D70E6 /* bite.wav in Resources */ = {isa = PBXBuildFile; fileRef = 76B8816B1D6926CD005D70E6 /* bite.wav */; };
		76B8816E1D6926DA005D70E6 /* death.wav in Resources */ = {isa = PBXBuildFile; fileRef = 76B8816D1D6926DA005D70E6 /* death.wav */; };
		76B881701D6926E9005D70E6 /* heart.wav in Resources */ = {isa = PBXBuildFile; fileRef = 76B8816F1D6926E9005D70E6 /* heart.wav */; };
/* End PBXBuildFile section */

/* Begin PBXContainerItemProxy section */
		763FCBBD1D667F6F00F10CF1 /* PBXContainerItemProxy */ = {
			isa = PBXContainerItemProxy;
			containerPortal = 763FCBA01D667F6F00F10CF1 /* Project object */;
			proxyType = 1;
			remoteGlobalIDString = 763FCBA71D667F6F00F10CF1;
			remoteInfo = MyPetMonster;
		};
		763FCBC81D667F6F00F10CF1 /* PBXContainerItemProxy */ = {
			isa = PBXContainerItemProxy;
			containerPortal = 763FCBA01D667F6F00F10CF1 /* Project object */;
			proxyType = 1;
			remoteGlobalIDString = 763FCBA71D667F6F00F10CF1;
			remoteInfo = MyPetMonster;
		};
/* End PBXContainerItemProxy section */

/* Begin PBXFileReference section */
		763FCBA81D667F6F00F10CF1 /* MyPetMonster.app */ = {isa = PBXFileReference; explicitFileType = wrapper.application; includeInIndex = 0; path = MyPetMonster.app; sourceTree = BUILT_PRODUCTS_DIR; };
		763FCBAB1D667F6F00F10CF1 /* AppDelegate.swift */ = {isa = PBXFileReference; lastKnownFileType = sourcecode.swift; path = AppDelegate.swift; sourceTree = "<group>"; };
		763FCBAD1D667F6F00F10CF1 /* ViewController.swift */ = {isa = PBXFileReference; lastKnownFileType = sourcecode.swift; path = ViewController.swift; sourceTree = "<group>"; };
		763FCBB01D667F6F00F10CF1 /* Base */ = {isa = PBXFileReference; lastKnownFileType = file.storyboard; name = Base; path = Base.lproj/Main.storyboard; sourceTree = "<group>"; };
		763FCBB21D667F6F00F10CF1 /* Assets.xcassets */ = {isa = PBXFileReference; lastKnownFileType = folder.assetcatalog; path = Assets.xcassets; sourceTree = "<group>"; };
		763FCBB51D667F6F00F10CF1 /* Base */ = {isa = PBXFileReference; lastKnownFileType = file.storyboard; name = Base; path = Base.lproj/LaunchScreen.storyboard; sourceTree = "<group>"; };
		763FCBB71D667F6F00F10CF1 /* Info.plist */ = {isa = PBXFileReference; lastKnownFileType = text.plist.xml; path = Info.plist; sourceTree = "<group>"; };
		763FCBBC1D667F6F00F10CF1 /* MyPetMonsterTests.xctest */ = {isa = PBXFileReference; explicitFileType = wrapper.cfbundle; includeInIndex = 0; path = MyPetMonsterTests.xctest; sourceTree = BUILT_PRODUCTS_DIR; };
		763FCBC01D667F6F00F10CF1 /* MyPetMonsterTests.swift */ = {isa = PBXFileReference; lastKnownFileType = sourcecode.swift; path = MyPetMonsterTests.swift; sourceTree = "<group>"; };
		763FCBC21D667F6F00F10CF1 /* Info.plist */ = {isa = PBXFileReference; lastKnownFileType = text.plist.xml; path = Info.plist; sourceTree = "<group>"; };
		763FCBC71D667F6F00F10CF1 /* MyPetMonsterUITests.xctest */ = {isa = PBXFileReference; explicitFileType = wrapper.cfbundle; includeInIndex = 0; path = MyPetMonsterUITests.xctest; sourceTree = BUILT_PRODUCTS_DIR; };
		763FCBCB1D667F6F00F10CF1 /* MyPetMonsterUITests.swift */ = {isa = PBXFileReference; lastKnownFileType = sourcecode.swift; path = MyPetMonsterUITests.swift; sourceTree = "<group>"; };
		763FCBCD1D667F6F00F10CF1 /* Info.plist */ = {isa = PBXFileReference; lastKnownFileType = text.plist.xml; path = Info.plist; sourceTree = "<group>"; };
		76B881631D68D368005D70E6 /* DragImg.swift */ = {isa = PBXFileReference; fileEncoding = 4; lastKnownFileType = sourcecode.swift; path = DragImg.swift; sourceTree = "<group>"; };
		76B881651D691FF4005D70E6 /* MonsterImg.swift */ = {isa = PBXFileReference; fileEncoding = 4; lastKnownFileType = sourcecode.swift; path = MonsterImg.swift; sourceTree = "<group>"; };
		76B881671D6926B7005D70E6 /* skull.wav */ = {isa = PBXFileReference; lastKnownFileType = audio.wav; path = skull.wav; sourceTree = "<group>"; };
		76B881691D6926C2005D70E6 /* cave-music.mp3 */ = {isa = PBXFileReference; lastKnownFileType = audio.mp3; path = "cave-music.mp3"; sourceTree = "<group>"; };
		76B8816B1D6926CD005D70E6 /* bite.wav */ = {isa = PBXFileReference; lastKnownFileType = audio.wav; path = bite.wav; sourceTree = "<group>"; };
		76B8816D1D6926DA005D70E6 /* death.wav */ = {isa = PBXFileReference; lastKnownFileType = audio.wav; path = death.wav; sourceTree = "<group>"; };
		76B8816F1D6926E9005D70E6 /* heart.wav */ = {isa = PBXFileReference; lastKnownFileType = audio.wav; path = heart.wav; sourceTree = "<group>"; };
/* End PBXFileReference section */

/* Begin PBXFrameworksBuildPhase section */
		763FCBA51D667F6F00F10CF1 /* Frameworks */ = {
			isa = PBXFrameworksBuildPhase;
			buildActionMask = 2147483647;
			files = (
			);
			runOnlyForDeploymentPostprocessing = 0;
		};
		763FCBB91D667F6F00F10CF1 /* Frameworks */ = {
			isa = PBXFrameworksBuildPhase;
			buildActionMask = 2147483647;
			files = (
			);
			runOnlyForDeploymentPostprocessing = 0;
		};
		763FCBC41D667F6F00F10CF1 /* Frameworks */ = {
			isa = PBXFrameworksBuildPhase;
			buildActionMask = 2147483647;
			files = (
			);
			runOnlyForDeploymentPostprocessing = 0;
		};
/* End PBXFrameworksBuildPhase section */

/* Begin PBXGroup section */
		763FCB9F1D667F6F00F10CF1 = {
			isa = PBXGroup;
			children = (
				763FCBAA1D667F6F00F10CF1 /* MyPetMonster */,
				763FCBBF1D667F6F00F10CF1 /* MyPetMonsterTests */,
				763FCBCA1D667F6F00F10CF1 /* MyPetMonsterUITests */,
				763FCBA91D667F6F00F10CF1 /* Products */,
			);
			sourceTree = "<group>";
		};
		763FCBA91D667F6F00F10CF1 /* Products */ = {
			isa = PBXGroup;
			children = (
				763FCBA81D667F6F00F10CF1 /* MyPetMonster.app */,
				763FCBBC1D667F6F00F10CF1 /* MyPetMonsterTests.xctest */,
				763FCBC71D667F6F00F10CF1 /* MyPetMonsterUITests.xctest */,
			);
			name = Products;
			sourceTree = "<group>";
		};
		763FCBAA1D667F6F00F10CF1 /* MyPetMonster */ = {
			isa = PBXGroup;
			children = (
				76B8816B1D6926CD005D70E6 /* bite.wav */,
				76B881691D6926C2005D70E6 /* cave-music.mp3 */,
				76B881671D6926B7005D70E6 /* skull.wav */,
				76B8816D1D6926DA005D70E6 /* death.wav */,
				76B8816F1D6926E9005D70E6 /* heart.wav */,
				763FCBAB1D667F6F00F10CF1 /* AppDelegate.swift */,
				763FCBAD1D667F6F00F10CF1 /* ViewController.swift */,
				76B881651D691FF4005D70E6 /* MonsterImg.swift */,
				76B881631D68D368005D70E6 /* DragImg.swift */,
				763FCBAF1D667F6F00F10CF1 /* Main.storyboard */,
				763FCBB21D667F6F00F10CF1 /* Assets.xcassets */,
				763FCBB41D667F6F00F10CF1 /* LaunchScreen.storyboard */,
				763FCBB71D667F6F00F10CF1 /* Info.plist */,
			);
			path = MyPetMonster;
			sourceTree = "<group>";
		};
		763FCBBF1D667F6F00F10CF1 /* MyPetMonsterTests */ = {
			isa = PBXGroup;
			children = (
				763FCBC01D667F6F00F10CF1 /* MyPetMonsterTests.swift */,
				763FCBC21D667F6F00F10CF1 /* Info.plist */,
			);
			path = MyPetMonsterTests;
			sourceTree = "<group>";
		};
		763FCBCA1D667F6F00F10CF1 /* MyPetMonsterUITests */ = {
			isa = PBXGroup;
			children = (
				763FCBCB1D667F6F00F10CF1 /* MyPetMonsterUITests.swift */,
				763FCBCD1D667F6F00F10CF1 /* Info.plist */,
			);
			path = MyPetMonsterUITests;
			sourceTree = "<group>";
		};
/* End PBXGroup section */

/* Begin PBXNativeTarget section */
		763FCBA71D667F6F00F10CF1 /* MyPetMonster */ = {
			isa = PBXNativeTarget;
			buildConfigurationList = 763FCBD01D667F6F00F10CF1 /* Build configuration list for PBXNativeTarget "MyPetMonster" */;
			buildPhases = (
				763FCBA41D667F6F00F10CF1 /* Sources */,
				763FCBA51D667F6F00F10CF1 /* Frameworks */,
				763FCBA61D667F6F00F10CF1 /* Resources */,
			);
			buildRules = (
			);
			dependencies = (
			);
			name = MyPetMonster;
			productName = MyPetMonster;
			productReference = 763FCBA81D667F6F00F10CF1 /* MyPetMonster.app */;
			productType = "com.apple.product-type.application";
		};
		763FCBBB1D667F6F00F10CF1 /* MyPetMonsterTests */ = {
			isa = PBXNativeTarget;
			buildConfigurationList = 763FCBD31D667F6F00F10CF1 /* Build configuration list for PBXNativeTarget "MyPetMonsterTests" */;
			buildPhases = (
				763FCBB81D667F6F00F10CF1 /* Sources */,
				763FCBB91D667F6F00F10CF1 /* Frameworks */,
				763FCBBA1D667F6F00F10CF1 /* Resources */,
			);
			buildRules = (
			);
			dependencies = (
				763FCBBE1D667F6F00F10CF1 /* PBXTargetDependency */,
			);
			name = MyPetMonsterTests;
			productName = MyPetMonsterTests;
			productReference = 763FCBBC1D667F6F00F10CF1 /* MyPetMonsterTests.xctest */;
			productType = "com.apple.product-type.bundle.unit-test";
		};
		763FCBC61D667F6F00F10CF1 /* MyPetMonsterUITests */ = {
			isa = PBXNativeTarget;
			buildConfigurationList = 763FCBD61D667F6F00F10CF1 /* Build configuration list for PBXNativeTarget "MyPetMonsterUITests" */;
			buildPhases = (
				763FCBC31D667F6F00F10CF1 /* Sources */,
				763FCBC41D667F6F00F10CF1 /* Frameworks */,
				763FCBC51D667F6F00F10CF1 /* Resources */,
			);
			buildRules = (
			);
			dependencies = (
				763FCBC91D667F6F00F10CF1 /* PBXTargetDependency */,
			);
			name = MyPetMonsterUITests;
			productName = MyPetMonsterUITests;
			productReference = 763FCBC71D667F6F00F10CF1 /* MyPetMonsterUITests.xctest */;
			productType = "com.apple.product-type.bundle.ui-testing";
		};
/* End PBXNativeTarget section */

/* Begin PBXProject section */
		763FCBA01D667F6F00F10CF1 /* Project object */ = {
			isa = PBXProject;
			attributes = {
				LastSwiftUpdateCheck = 0730;
				LastUpgradeCheck = 0730;
				ORGANIZATIONNAME = "Ronald Morgan";
				TargetAttributes = {
					763FCBA71D667F6F00F10CF1 = {
						CreatedOnToolsVersion = 7.3.1;
						DevelopmentTeam = ZH845MTME4;
					};
					763FCBBB1D667F6F00F10CF1 = {
						CreatedOnToolsVersion = 7.3.1;
						TestTargetID = 763FCBA71D667F6F00F10CF1;
					};
					763FCBC61D667F6F00F10CF1 = {
						CreatedOnToolsVersion = 7.3.1;
						TestTargetID = 763FCBA71D667F6F00F10CF1;
					};
				};
			};
			buildConfigurationList = 763FCBA31D667F6F00F10CF1 /* Build configuration list for PBXProject "MyPetMonster" */;
			compatibilityVersion = "Xcode 3.2";
			developmentRegion = English;
			hasScannedForEncodings = 0;
			knownRegions = (
				en,
				Base,
			);
			mainGroup = 763FCB9F1D667F6F00F10CF1;
			productRefGroup = 763FCBA91D667F6F00F10CF1 /* Products */;
			projectDirPath = "";
			projectRoot = "";
			targets = (
				763FCBA71D667F6F00F10CF1 /* MyPetMonster */,
				763FCBBB1D667F6F00F10CF1 /* MyPetMonsterTests */,
				763FCBC61D667F6F00F10CF1 /* MyPetMonsterUITests */,
			);
		};
/* End PBXProject section */

/* Begin PBXResourcesBuildPhase section */
		763FCBA61D667F6F00F10CF1 /* Resources */ = {
			isa = PBXResourcesBuildPhase;
			buildActionMask = 2147483647;
			files = (
				76B8816C1D6926CD005D70E6 /* bite.wav in Resources */,
				76B881701D6926E9005D70E6 /* heart.wav in Resources */,
				76B881681D6926B7005D70E6 /* skull.wav in Resources */,
				76B8816A1D6926C2005D70E6 /* cave-music.mp3 in Resources */,
				763FCBB61D667F6F00F10CF1 /* LaunchScreen.storyboard in Resources */,
				763FCBB31D667F6F00F10CF1 /* Assets.xcassets in Resources */,
				76B8816E1D6926DA005D70E6 /* death.wav in Resources */,
				763FCBB11D667F6F00F10CF1 /* Main.storyboard in Resources */,
			);
			runOnlyForDeploymentPostprocessing = 0;
		};
		763FCBBA1D667F6F00F10CF1 /* Resources */ = {
			isa = PBXResourcesBuildPhase;
			buildActionMask = 2147483647;
			files = (
			);
			runOnlyForDeploymentPostprocessing = 0;
		};
		763FCBC51D667F6F00F10CF1 /* Resources */ = {
			isa = PBXResourcesBuildPhase;
			buildActionMask = 2147483647;
			files = (
			);
			runOnlyForDeploymentPostprocessing = 0;
		};
/* End PBXResourcesBuildPhase section */

/* Begin PBXSourcesBuildPhase section */
		763FCBA41D667F6F00F10CF1 /* Sources */ = {
			isa = PBXSourcesBuildPhase;
			buildActionMask = 2147483647;
			files = (
				76B881661D691FF4005D70E6 /* MonsterImg.swift in Sources */,
				76B881641D68D368005D70E6 /* DragImg.swift in Sources */,
				763FCBAE1D667F6F00F10CF1 /* ViewController.swift in Sources */,
				763FCBAC1D667F6F00F10CF1 /* AppDelegate.swift in Sources */,
			);
			runOnlyForDeploymentPostprocessing = 0;
		};
		763FCBB81D667F6F00F10CF1 /* Sources */ = {
			isa = PBXSourcesBuildPhase;
			buildActionMask = 2147483647;
			files = (
				763FCBC11D667F6F00F10CF1 /* MyPetMonsterTests.swift in Sources */,
			);
			runOnlyForDeploymentPostprocessing = 0;
		};
		763FCBC31D667F6F00F10CF1 /* Sources */ = {
			isa = PBXSourcesBuildPhase;
			buildActionMask = 2147483647;
			files = (
				763FCBCC1D667F6F00F10CF1 /* MyPetMonsterUITests.swift in Sources */,
			);
			runOnlyForDeploymentPostprocessing = 0;
		};
/* End PBXSourcesBuildPhase section */

/* Begin PBXTargetDependency section */
		763FCBBE1D667F6F00F10CF1 /* PBXTargetDependency */ = {
			isa = PBXTargetDependency;
			target = 763FCBA71D667F6F00F10CF1 /* MyPetMonster */;
			targetProxy = 763FCBBD1D667F6F00F10CF1 /* PBXContainerItemProxy */;
		};
		763FCBC91D667F6F00F10CF1 /* PBXTargetDependency */ = {
			isa = PBXTargetDependency;
			target = 763FCBA71D667F6F00F10CF1 /* MyPetMonster */;
			targetProxy = 763FCBC81D667F6F00F10CF1 /* PBXContainerItemProxy */;
		};
/* End PBXTargetDependency section */

/* Begin PBXVariantGroup section */
		763FCBAF1D667F6F00F10CF1 /* Main.storyboard */ = {
			isa = PBXVariantGroup;
			children = (
				763FCBB01D667F6F00F10CF1 /* Base */,
			);
			name = Main.storyboard;
			sourceTree = "<group>";
		};
		763FCBB41D667F6F00F10CF1 /* LaunchScreen.storyboard */ = {
			isa = PBXVariantGroup;
			children = (
				763FCBB51D667F6F00F10CF1 /* Base */,
			);
			name = LaunchScreen.storyboard;
			sourceTree = "<group>";
		};
/* End PBXVariantGroup section */

/* Begin XCBuildConfiguration section */
		763FCBCE1D667F6F00F10CF1 /* Debug */ = {
			isa = XCBuildConfiguration;
			buildSettings = {
				ALWAYS_SEARCH_USER_PATHS = NO;
				CLANG_ANALYZER_NONNULL = YES;
				CLANG_CXX_LANGUAGE_STANDARD = "gnu++0x";
				CLANG_CXX_LIBRARY = "libc++";
				CLANG_ENABLE_MODULES = YES;
				CLANG_ENABLE_OBJC_ARC = YES;
				CLANG_WARN_BOOL_CONVERSION = YES;
				CLANG_WARN_CONSTANT_CONVERSION = YES;
				CLANG_WARN_DIRECT_OBJC_ISA_USAGE = YES_ERROR;
				CLANG_WARN_EMPTY_BODY = YES;
				CLANG_WARN_ENUM_CONVERSION = YES;
				CLANG_WARN_INT_CONVERSION = YES;
				CLANG_WARN_OBJC_ROOT_CLASS = YES_ERROR;
				CLANG_WARN_UNREACHABLE_CODE = YES;
				CLANG_WARN__DUPLICATE_METHOD_MATCH = YES;
				"CODE_SIGN_IDENTITY[sdk=iphoneos*]" = "iPhone Developer";
				COPY_PHASE_STRIP = NO;
				DEBUG_INFORMATION_FORMAT = dwarf;
				ENABLE_STRICT_OBJC_MSGSEND = YES;
				ENABLE_TESTABILITY = YES;
				GCC_C_LANGUAGE_STANDARD = gnu99;
				GCC_DYNAMIC_NO_PIC = NO;
				GCC_NO_COMMON_BLOCKS = YES;
				GCC_OPTIMIZATION_LEVEL = 0;
				GCC_PREPROCESSOR_DEFINITIONS = (
					"DEBUG=1",
					"$(inherited)",
				);
				GCC_WARN_64_TO_32_BIT_CONVERSION = YES;
				GCC_WARN_ABOUT_RETURN_TYPE = YES_ERROR;
				GCC_WARN_UNDECLARED_SELECTOR = YES;
				GCC_WARN_UNINITIALIZED_AUTOS = YES_AGGRESSIVE;
				GCC_WARN_UNUSED_FUNCTION = YES;
				GCC_WARN_UNUSED_VARIABLE = YES;
				IPHONEOS_DEPLOYMENT_TARGET = 9.3;
				MTL_ENABLE_DEBUG_INFO = YES;
				ONLY_ACTIVE_ARCH = YES;
				SDKROOT = iphoneos;
				SWIFT_OPTIMIZATION_LEVEL = "-Onone";
			};
			name = Debug;
		};
		763FCBCF1D667F6F00F10CF1 /* Release */ = {
			isa = XCBuildConfiguration;
			buildSettings = {
				ALWAYS_SEARCH_USER_PATHS = NO;
				CLANG_ANALYZER_NONNULL = YES;
				CLANG_CXX_LANGUAGE_STANDARD = "gnu++0x";
				CLANG_CXX_LIBRARY = "libc++";
				CLANG_ENABLE_MODULES = YES;
				CLANG_ENABLE_OBJC_ARC = YES;
				CLANG_WARN_BOOL_CONVERSION = YES;
				CLANG_WARN_CONSTANT_CONVERSION = YES;
				CLANG_WARN_DIRECT_OBJC_ISA_USAGE = YES_ERROR;
				CLANG_WARN_EMPTY_BODY = YES;
				CLANG_WARN_ENUM_CONVERSION = YES;
				CLANG_WARN_INT_CONVERSION = YES;
				CLANG_WARN_OBJC_ROOT_CLASS = YES_ERROR;
				CLANG_WARN_UNREACHABLE_CODE = YES;
				CLANG_WARN__DUPLICATE_METHOD_MATCH = YES;
				"CODE_SIGN_IDENTITY[sdk=iphoneos*]" = "iPhone Developer";
				COPY_PHASE_STRIP = NO;
				DEBUG_INFORMATION_FORMAT = "dwarf-with-dsym";
				ENABLE_NS_ASSERTIONS = NO;
				ENABLE_STRICT_OBJC_MSGSEND = YES;
				GCC_C_LANGUAGE_STANDARD = gnu99;
				GCC_NO_COMMON_BLOCKS = YES;
				GCC_WARN_64_TO_32_BIT_CONVERSION = YES;
				GCC_WARN_ABOUT_RETURN_TYPE = YES_ERROR;
				GCC_WARN_UNDECLARED_SELECTOR = YES;
				GCC_WARN_UNINITIALIZED_AUTOS = YES_AGGRESSIVE;
				GCC_WARN_UNUSED_FUNCTION = YES;
				GCC_WARN_UNUSED_VARIABLE = YES;
				IPHONEOS_DEPLOYMENT_TARGET = 9.3;
				MTL_ENABLE_DEBUG_INFO = NO;
				SDKROOT = iphoneos;
				VALIDATE_PRODUCT = YES;
			};
			name = Release;
		};
		763FCBD11D667F6F00F10CF1 /* Debug */ = {
			isa = XCBuildConfiguration;
			buildSettings = {
				ASSETCATALOG_COMPILER_APPICON_NAME = AppIcon;
				CODE_SIGN_IDENTITY = "iPhone Developer";
				"CODE_SIGN_IDENTITY[sdk=iphoneos*]" = "iPhone Developer";
				INFOPLIST_FILE = MyPetMonster/Info.plist;
				LD_RUNPATH_SEARCH_PATHS = "$(inherited) @executable_path/Frameworks";
				PRODUCT_BUNDLE_IDENTIFIER = com.morgan.MyPetMonster;
				PRODUCT_NAME = "$(TARGET_NAME)";
				PROVISIONING_PROFILE = "";
			};
			name = Debug;
		};
		763FCBD21D667F6F00F10CF1 /* Release */ = {
			isa = XCBuildConfiguration;
			buildSettings = {
				ASSETCATALOG_COMPILER_APPICON_NAME = AppIcon;
				CODE_SIGN_IDENTITY = "iPhone Developer";
				"CODE_SIGN_IDENTITY[sdk=iphoneos*]" = "iPhone Developer";
				INFOPLIST_FILE = MyPetMonster/Info.plist;
				LD_RUNPATH_SEARCH_PATHS = "$(inherited) @executable_path/Frameworks";
				PRODUCT_BUNDLE_IDENTIFIER = com.morgan.MyPetMonster;
				PRODUCT_NAME = "$(TARGET_NAME)";
				PROVISIONING_PROFILE = "";
			};
			name = Release;
		};
		763FCBD41D667F6F00F10CF1 /* Debug */ = {
			isa = XCBuildConfiguration;
			buildSettings = {
				BUNDLE_LOADER = "$(TEST_HOST)";
				INFOPLIST_FILE = MyPetMonsterTests/Info.plist;
				LD_RUNPATH_SEARCH_PATHS = "$(inherited) @executable_path/Frameworks @loader_path/Frameworks";
				PRODUCT_BUNDLE_IDENTIFIER = com.morgan.MyPetMonsterTests;
				PRODUCT_NAME = "$(TARGET_NAME)";
				TEST_HOST = "$(BUILT_PRODUCTS_DIR)/MyPetMonster.app/MyPetMonster";
			};
			name = Debug;
		};
		763FCBD51D667F6F00F10CF1 /* Release */ = {
			isa = XCBuildConfiguration;
			buildSettings = {
				BUNDLE_LOADER = "$(TEST_HOST)";
				INFOPLIST_FILE = MyPetMonsterTests/Info.plist;
				LD_RUNPATH_SEARCH_PATHS = "$(inherited) @executable_path/Frameworks @loader_path/Frameworks";
				PRODUCT_BUNDLE_IDENTIFIER = com.morgan.MyPetMonsterTests;
				PRODUCT_NAME = "$(TARGET_NAME)";
				TEST_HOST = "$(BUILT_PRODUCTS_DIR)/MyPetMonster.app/MyPetMonster";
			};
			name = Release;
		};
		763FCBD71D667F6F00F10CF1 /* Debug */ = {
			isa = XCBuildConfiguration;
			buildSettings = {
				INFOPLIST_FILE = MyPetMonsterUITests/Info.plist;
				LD_RUNPATH_SEARCH_PATHS = "$(inherited) @executable_path/Frameworks @loader_path/Frameworks";
				PRODUCT_BUNDLE_IDENTIFIER = com.morgan.MyPetMonsterUITests;
				PRODUCT_NAME = "$(TARGET_NAME)";
				TEST_TARGET_NAME = MyPetMonster;
			};
			name = Debug;
		};
		763FCBD81D667F6F00F10CF1 /* Release */ = {
			isa = XCBuildConfiguration;
			buildSettings = {
				INFOPLIST_FILE = MyPetMonsterUITests/Info.plist;
				LD_RUNPATH_SEARCH_PATHS = "$(inherited) @executable_path/Frameworks @loader_path/Frameworks";
				PRODUCT_BUNDLE_IDENTIFIER = com.morgan.MyPetMonsterUITests;
				PRODUCT_NAME = "$(TARGET_NAME)";
				TEST_TARGET_NAME = MyPetMonster;
			};
			name = Release;
		};
/* End XCBuildConfiguration section */

/* Begin XCConfigurationList section */
		763FCBA31D667F6F00F10CF1 /* Build configuration list for PBXProject "MyPetMonster" */ = {
			isa = XCConfigurationList;
			buildConfigurations = (
				763FCBCE1D667F6F00F10CF1 /* Debug */,
				763FCBCF1D667F6F00F10CF1 /* Release */,
			);
			defaultConfigurationIsVisible = 0;
			defaultConfigurationName = Release;
		};
		763FCBD01D667F6F00F10CF1 /* Build configuration list for PBXNativeTarget "MyPetMonster" */ = {
			isa = XCConfigurationList;
			buildConfigurations = (
				763FCBD11D667F6F00F10CF1 /* Debug */,
				763FCBD21D667F6F00F10CF1 /* Release */,
			);
			defaultConfigurationIsVisible = 0;
			defaultConfigurationName = Release;
		};
		763FCBD31D667F6F00F10CF1 /* Build configuration list for PBXNativeTarget "MyPetMonsterTests" */ = {
			isa = XCConfigurationList;
			buildConfigurations = (
				763FCBD41D667F6F00F10CF1 /* Debug */,
				763FCBD51D667F6F00F10CF1 /* Release */,
			);
			defaultConfigurationIsVisible = 0;
			defaultConfigurationName = Release;
		};
		763FCBD61D667F6F00F10CF1 /* Build configuration list for PBXNativeTarget "MyPetMonsterUITests" */ = {
			isa = XCConfigurationList;
			buildConfigurations = (
				763FCBD71D667F6F00F10CF1 /* Debug */,
				763FCBD81D667F6F00F10CF1 /* Release */,
			);
			defaultConfigurationIsVisible = 0;
			defaultConfigurationName = Release;
		};
/* End XCConfigurationList section */
	};
	rootObject = 763FCBA01D667F6F00F10CF1 /* Project object */;
}
